// !$*UTF8*$!
{
	archiveVersion = 1;
	classes = {
	};
	objectVersion = 56;
	objects = {

/* Begin PBXBuildFile section */
		84268B0B2EACA946006EE07D /* LidarCaptureApp.swift in Sources */ = {isa = PBXBuildFile; fileRef = 84268B0A2EACA946006EE07D /* LidarCaptureApp.swift */; };
		84268B0D2EACA946006EE07D /* ContentView.swift in Sources */ = {isa = PBXBuildFile; fileRef = 84268B0C2EACA946006EE07D /* ContentView.swift */; };
		84268B0F2EACA948006EE07D /* Assets.xcassets in Resources */ = {isa = PBXBuildFile; fileRef = 84268B0E2EACA948006EE07D /* Assets.xcassets */; };
		84268B122EACA948006EE07D /* Preview Assets.xcassets in Resources */ = {isa = PBXBuildFile; fileRef = 84268B112EACA948006EE07D /* Preview Assets.xcassets */; };
		84268B1B2EACAA05006EE07D /* LidarPoint.swift in Sources */ = {isa = PBXBuildFile; fileRef = 84268B1A2EACAA05006EE07D /* LidarPoint.swift */; };
		84268B1D2EACAA78006EE07D /* LidarCaptureView.swift in Sources */ = {isa = PBXBuildFile; fileRef = 84268B1C2EACAA78006EE07D /* LidarCaptureView.swift */; };
		84268B1F2EACABEC006EE07D /* NetworkManager.swift in Sources */ = {isa = PBXBuildFile; fileRef = 84268B1E2EACABEC006EE07D /* NetworkManager.swift */; };
/* End PBXBuildFile section */

/* Begin PBXFileReference section */
		84268B072EACA946006EE07D /* LidarCapture.app */ = {isa = PBXFileReference; explicitFileType = wrapper.application; includeInIndex = 0; path = LidarCapture.app; sourceTree = BUILT_PRODUCTS_DIR; };
		84268B0A2EACA946006EE07D /* LidarCaptureApp.swift */ = {isa = PBXFileReference; lastKnownFileType = sourcecode.swift; path = LidarCaptureApp.swift; sourceTree = "<group>"; };
		84268B0C2EACA946006EE07D /* ContentView.swift */ = {isa = PBXFileReference; lastKnownFileType = sourcecode.swift; path = ContentView.swift; sourceTree = "<group>"; };
		84268B0E2EACA948006EE07D /* Assets.xcassets */ = {isa = PBXFileReference; lastKnownFileType = folder.assetcatalog; path = Assets.xcassets; sourceTree = "<group>"; };
		84268B112EACA948006EE07D /* Preview Assets.xcassets */ = {isa = PBXFileReference; lastKnownFileType = folder.assetcatalog; path = "Preview Assets.xcassets"; sourceTree = "<group>"; };
		84268B1A2EACAA05006EE07D /* LidarPoint.swift */ = {isa = PBXFileReference; lastKnownFileType = sourcecode.swift; path = LidarPoint.swift; sourceTree = "<group>"; };
		84268B1C2EACAA78006EE07D /* LidarCaptureView.swift */ = {isa = PBXFileReference; lastKnownFileType = sourcecode.swift; path = LidarCaptureView.swift; sourceTree = "<group>"; };
		84268B1E2EACABEC006EE07D /* NetworkManager.swift */ = {isa = PBXFileReference; lastKnownFileType = sourcecode.swift; path = NetworkManager.swift; sourceTree = "<group>"; };
		84268B202EACACC0006EE07D /* Info.plist */ = {isa = PBXFileReference; lastKnownFileType = text.plist; path = Info.plist; sourceTree = "<group>"; };
/* End PBXFileReference section */

/* Begin PBXFrameworksBuildPhase section */
		84268B042EACA946006EE07D /* Frameworks */ = {
			isa = PBXFrameworksBuildPhase;
			buildActionMask = 2147483647;
			files = (
			);
			runOnlyForDeploymentPostprocessing = 0;
		};
/* End PBXFrameworksBuildPhase section */

/* Begin PBXGroup section */
		84268AFE2EACA945006EE07D = {
			isa = PBXGroup;
			children = (
				84268B092EACA946006EE07D /* LidarCapture */,
				84268B082EACA946006EE07D /* Products */,
			);
			sourceTree = "<group>";
		};
		84268B082EACA946006EE07D /* Products */ = {
			isa = PBXGroup;
			children = (
				84268B072EACA946006EE07D /* LidarCapture.app */,
			);
			name = Products;
			sourceTree = "<group>";
		};
		84268B092EACA946006EE07D /* LidarCapture */ = {
			isa = PBXGroup;
			children = (
				84268B202EACACC0006EE07D /* Info.plist */,
				84268B0A2EACA946006EE07D /* LidarCaptureApp.swift */,
				84268B1A2EACAA05006EE07D /* LidarPoint.swift */,
				84268B0C2EACA946006EE07D /* ContentView.swift */,
				84268B1C2EACAA78006EE07D /* LidarCaptureView.swift */,
				84268B1E2EACABEC006EE07D /* NetworkManager.swift */,
				84268B0E2EACA948006EE07D /* Assets.xcassets */,
				84268B102EACA948006EE07D /* Preview Content */,
			);
			path = LidarCapture;
			sourceTree = "<group>";
		};
		84268B102EACA948006EE07D /* Preview Content */ = {
			isa = PBXGroup;
			children = (
				84268B112EACA948006EE07D /* Preview Assets.xcassets */,
			);
			path = "Preview Content";
			sourceTree = "<group>";
		};
/* End PBXGroup section */

/* Begin PBXNativeTarget section */
		84268B062EACA946006EE07D /* LidarCapture */ = {
			isa = PBXNativeTarget;
			buildConfigurationList = 84268B152EACA948006EE07D /* Build configuration list for PBXNativeTarget "LidarCapture" */;
			buildPhases = (
				84268B032EACA946006EE07D /* Sources */,
				84268B042EACA946006EE07D /* Frameworks */,
				84268B052EACA946006EE07D /* Resources */,
			);
			buildRules = (
			);
			dependencies = (
			);
			name = LidarCapture;
			productName = LidarCapture;
			productReference = 84268B072EACA946006EE07D /* LidarCapture.app */;
			productType = "com.apple.product-type.application";
		};
/* End PBXNativeTarget section */

/* Begin PBXProject section */
		84268AFF2EACA945006EE07D /* Project object */ = {
			isa = PBXProject;
			attributes = {
				BuildIndependentTargetsInParallel = 1;
				LastSwiftUpdateCheck = 1540;
				LastUpgradeCheck = 1540;
				TargetAttributes = {
					84268B062EACA946006EE07D = {
						CreatedOnToolsVersion = 15.4;
					};
				};
			};
			buildConfigurationList = 84268B022EACA945006EE07D /* Build configuration list for PBXProject "LidarCapture" */;
			compatibilityVersion = "Xcode 14.0";
			developmentRegion = en;
			hasScannedForEncodings = 0;
			knownRegions = (
				en,
				Base,
			);
			mainGroup = 84268AFE2EACA945006EE07D;
			productRefGroup = 84268B082EACA946006EE07D /* Products */;
			projectDirPath = "";
			projectRoot = "";
			targets = (
				84268B062EACA946006EE07D /* LidarCapture */,
			);
		};
/* End PBXProject section */

/* Begin PBXResourcesBuildPhase section */
		84268B052EACA946006EE07D /* Resources */ = {
			isa = PBXResourcesBuildPhase;
			buildActionMask = 2147483647;
			files = (
				84268B122EACA948006EE07D /* Preview Assets.xcassets in Resources */,
				84268B0F2EACA948006EE07D /* Assets.xcassets in Resources */,
			);
			runOnlyForDeploymentPostprocessing = 0;
		};
/* End PBXResourcesBuildPhase section */

/* Begin PBXSourcesBuildPhase section */
		84268B032EACA946006EE07D /* Sources */ = {
			isa = PBXSourcesBuildPhase;
			buildActionMask = 2147483647;
			files = (
				84268B1D2EACAA78006EE07D /* LidarCaptureView.swift in Sources */,
				84268B1B2EACAA05006EE07D /* LidarPoint.swift in Sources */,
				84268B1F2EACABEC006EE07D /* NetworkManager.swift in Sources */,
				84268B0D2EACA946006EE07D /* ContentView.swift in Sources */,
				84268B0B2EACA946006EE07D /* LidarCaptureApp.swift in Sources */,
			);
			runOnlyForDeploymentPostprocessing = 0;
		};
/* End PBXSourcesBuildPhase section */

/* Begin XCBuildConfiguration section */
		84268B132EACA948006EE07D /* Debug */ = {
			isa = XCBuildConfiguration;
			buildSettings = {
				ALWAYS_SEARCH_USER_PATHS = NO;
				ASSETCATALOG_COMPILER_GENERATE_SWIFT_ASSET_SYMBOL_EXTENSIONS = YES;
				CLANG_ANALYZER_NONNULL = YES;
				CLANG_ANALYZER_NUMBER_OBJECT_CONVERSION = YES_AGGRESSIVE;
				CLANG_CXX_LANGUAGE_STANDARD = "gnu++20";
				CLANG_ENABLE_MODULES = YES;
				CLANG_ENABLE_OBJC_ARC = YES;
				CLANG_ENABLE_OBJC_WEAK = YES;
				CLANG_WARN_BLOCK_CAPTURE_AUTORELEASING = YES;
				CLANG_WARN_BOOL_CONVERSION = YES;
				CLANG_WARN_COMMA = YES;
				CLANG_WARN_CONSTANT_CONVERSION = YES;
				CLANG_WARN_DEPRECATED_OBJC_IMPLEMENTATIONS = YES;
				CLANG_WARN_DIRECT_OBJC_ISA_USAGE = YES_ERROR;
				CLANG_WARN_DOCUMENTATION_COMMENTS = YES;
				CLANG_WARN_EMPTY_BODY = YES;
				CLANG_WARN_ENUM_CONVERSION = YES;
				CLANG_WARN_INFINITE_RECURSION = YES;
				CLANG_WARN_INT_CONVERSION = YES;
				CLANG_WARN_NON_LITERAL_NULL_CONVERSION = YES;
				CLANG_WARN_OBJC_IMPLICIT_RETAIN_SELF = YES;
				CLANG_WARN_OBJC_LITERAL_CONVERSION = YES;
				CLANG_WARN_OBJC_ROOT_CLASS = YES_ERROR;
				CLANG_WARN_QUOTED_INCLUDE_IN_FRAMEWORK_HEADER = YES;
				CLANG_WARN_RANGE_LOOP_ANALYSIS = YES;
				CLANG_WARN_STRICT_PROTOTYPES = YES;
				CLANG_WARN_SUSPICIOUS_MOVE = YES;
				CLANG_WARN_UNGUARDED_AVAILABILITY = YES_AGGRESSIVE;
				CLANG_WARN_UNREACHABLE_CODE = YES;
				CLANG_WARN__DUPLICATE_METHOD_MATCH = YES;
				COPY_PHASE_STRIP = NO;
				DEBUG_INFORMATION_FORMAT = dwarf;
				ENABLE_STRICT_OBJC_MSGSEND = YES;
				ENABLE_TESTABILITY = YES;
				ENABLE_USER_SCRIPT_SANDBOXING = YES;
				GCC_C_LANGUAGE_STANDARD = gnu17;
				GCC_DYNAMIC_NO_PIC = NO;
				GCC_NO_COMMON_BLOCKS = YES;
				GCC_OPTIMIZATION_LEVEL = 0;
				GCC_PREPROCESSOR_DEFINITIONS = (
					"DEBUG=1",
					"$(inherited)",
				);
				GCC_WARN_64_TO_32_BIT_CONVERSION = YES;
				GCC_WARN_ABOUT_RETURN_TYPE = YES_ERROR;
				GCC_WARN_UNDECLARED_SELECTOR = YES;
				GCC_WARN_UNINITIALIZED_AUTOS = YES_AGGRESSIVE;
				GCC_WARN_UNUSED_FUNCTION = YES;
				GCC_WARN_UNUSED_VARIABLE = YES;
				IPHONEOS_DEPLOYMENT_TARGET = 17.5;
				LOCALIZATION_PREFERS_STRING_CATALOGS = YES;
				MTL_ENABLE_DEBUG_INFO = INCLUDE_SOURCE;
				MTL_FAST_MATH = YES;
				ONLY_ACTIVE_ARCH = YES;
				SDKROOT = iphoneos;
				SWIFT_ACTIVE_COMPILATION_CONDITIONS = "DEBUG $(inherited)";
				SWIFT_OPTIMIZATION_LEVEL = "-Onone";
			};
			name = Debug;
		};
		84268B142EACA948006EE07D /* Release */ = {
			isa = XCBuildConfiguration;
			buildSettings = {
				ALWAYS_SEARCH_USER_PATHS = NO;
				ASSETCATALOG_COMPILER_GENERATE_SWIFT_ASSET_SYMBOL_EXTENSIONS = YES;
				CLANG_ANALYZER_NONNULL = YES;
				CLANG_ANALYZER_NUMBER_OBJECT_CONVERSION = YES_AGGRESSIVE;
				CLANG_CXX_LANGUAGE_STANDARD = "gnu++20";
				CLANG_ENABLE_MODULES = YES;
				CLANG_ENABLE_OBJC_ARC = YES;
				CLANG_ENABLE_OBJC_WEAK = YES;
				CLANG_WARN_BLOCK_CAPTURE_AUTORELEASING = YES;
				CLANG_WARN_BOOL_CONVERSION = YES;
				CLANG_WARN_COMMA = YES;
				CLANG_WARN_CONSTANT_CONVERSION = YES;
				CLANG_WARN_DEPRECATED_OBJC_IMPLEMENTATIONS = YES;
				CLANG_WARN_DIRECT_OBJC_ISA_USAGE = YES_ERROR;
				CLANG_WARN_DOCUMENTATION_COMMENTS = YES;
				CLANG_WARN_EMPTY_BODY = YES;
				CLANG_WARN_ENUM_CONVERSION = YES;
				CLANG_WARN_INFINITE_RECURSION = YES;
				CLANG_WARN_INT_CONVERSION = YES;
				CLANG_WARN_NON_LITERAL_NULL_CONVERSION = YES;
				CLANG_WARN_OBJC_IMPLICIT_RETAIN_SELF = YES;
				CLANG_WARN_OBJC_LITERAL_CONVERSION = YES;
				CLANG_WARN_OBJC_ROOT_CLASS = YES_ERROR;
				CLANG_WARN_QUOTED_INCLUDE_IN_FRAMEWORK_HEADER = YES;
				CLANG_WARN_RANGE_LOOP_ANALYSIS = YES;
				CLANG_WARN_STRICT_PROTOTYPES = YES;
				CLANG_WARN_SUSPICIOUS_MOVE = YES;
				CLANG_WARN_UNGUARDED_AVAILABILITY = YES_AGGRESSIVE;
				CLANG_WARN_UNREACHABLE_CODE = YES;
				CLANG_WARN__DUPLICATE_METHOD_MATCH = YES;
				COPY_PHASE_STRIP = NO;
				DEBUG_INFORMATION_FORMAT = "dwarf-with-dsym";
				ENABLE_NS_ASSERTIONS = NO;
				ENABLE_STRICT_OBJC_MSGSEND = YES;
				ENABLE_USER_SCRIPT_SANDBOXING = YES;
				GCC_C_LANGUAGE_STANDARD = gnu17;
				GCC_NO_COMMON_BLOCKS = YES;
				GCC_WARN_64_TO_32_BIT_CONVERSION = YES;
				GCC_WARN_ABOUT_RETURN_TYPE = YES_ERROR;
				GCC_WARN_UNDECLARED_SELECTOR = YES;
				GCC_WARN_UNINITIALIZED_AUTOS = YES_AGGRESSIVE;
				GCC_WARN_UNUSED_FUNCTION = YES;
				GCC_WARN_UNUSED_VARIABLE = YES;
				IPHONEOS_DEPLOYMENT_TARGET = 17.5;
				LOCALIZATION_PREFERS_STRING_CATALOGS = YES;
				MTL_ENABLE_DEBUG_INFO = NO;
				MTL_FAST_MATH = YES;
				SDKROOT = iphoneos;
				SWIFT_COMPILATION_MODE = wholemodule;
				VALIDATE_PRODUCT = YES;
			};
			name = Release;
		};
		84268B162EACA948006EE07D /* Debug */ = {
			isa = XCBuildConfiguration;
			buildSettings = {
				ASSETCATALOG_COMPILER_APPICON_NAME = AppIcon;
				ASSETCATALOG_COMPILER_GLOBAL_ACCENT_COLOR_NAME = AccentColor;
				CODE_SIGN_STYLE = Automatic;
				CURRENT_PROJECT_VERSION = 1;
				DEVELOPMENT_ASSET_PATHS = "\"LidarCapture/Preview Content\"";
				DEVELOPMENT_TEAM = 3U7LF2YBA7;
				ENABLE_PREVIEWS = YES;
				GENERATE_INFOPLIST_FILE = YES;
				INFOPLIST_FILE = LidarCapture/Info.plist;
				INFOPLIST_KEY_NSCameraUsageDescription = lidar;
				INFOPLIST_KEY_UIApplicationSceneManifest_Generation = YES;
				INFOPLIST_KEY_UIApplicationSupportsIndirectInputEvents = YES;
				INFOPLIST_KEY_UILaunchScreen_Generation = YES;
				INFOPLIST_KEY_UISupportedInterfaceOrientations_iPad = "UIInterfaceOrientationPortrait UIInterfaceOrientationPortraitUpsideDown UIInterfaceOrientationLandscapeLeft UIInterfaceOrientationLandscapeRight";
				INFOPLIST_KEY_UISupportedInterfaceOrientations_iPhone = "UIInterfaceOrientationPortrait UIInterfaceOrientationLandscapeLeft UIInterfaceOrientationLandscapeRight";
				LD_RUNPATH_SEARCH_PATHS = (
					"$(inherited)",
					"@executable_path/Frameworks",
				);
				MARKETING_VERSION = 1.0;
				PRODUCT_BUNDLE_IDENTIFIER = test.LidarCapture;
				PRODUCT_NAME = "$(TARGET_NAME)";
				SWIFT_EMIT_LOC_STRINGS = YES;
				SWIFT_VERSION = 5.0;
				TARGETED_DEVICE_FAMILY = "1,2";
			};
			name = Debug;
		};
		84268B172EACA948006EE07D /* Release */ = {
			isa = XCBuildConfiguration;
			buildSettings = {
				ASSETCATALOG_COMPILER_APPICON_NAME = AppIcon;
				ASSETCATALOG_COMPILER_GLOBAL_ACCENT_COLOR_NAME = AccentColor;
				CODE_SIGN_STYLE = Automatic;
				CURRENT_PROJECT_VERSION = 1;
				DEVELOPMENT_ASSET_PATHS = "\"LidarCapture/Preview Content\"";
				DEVELOPMENT_TEAM = 3U7LF2YBA7;
				ENABLE_PREVIEWS = YES;
				GENERATE_INFOPLIST_FILE = YES;
				INFOPLIST_FILE = LidarCapture/Info.plist;
				INFOPLIST_KEY_NSCameraUsageDescription = lidar;
				INFOPLIST_KEY_UIApplicationSceneManifest_Generation = YES;
				INFOPLIST_KEY_UIApplicationSupportsIndirectInputEvents = YES;
				INFOPLIST_KEY_UILaunchScreen_Generation = YES;
				INFOPLIST_KEY_UISupportedInterfaceOrientations_iPad = "UIInterfaceOrientationPortrait UIInterfaceOrientationPortraitUpsideDown UIInterfaceOrientationLandscapeLeft UIInterfaceOrientationLandscapeRight";
				INFOPLIST_KEY_UISupportedInterfaceOrientations_iPhone = "UIInterfaceOrientationPortrait UIInterfaceOrientationLandscapeLeft UIInterfaceOrientationLandscapeRight";
				LD_RUNPATH_SEARCH_PATHS = (
					"$(inherited)",
					"@executable_path/Frameworks",
				);
				MARKETING_VERSION = 1.0;
				PRODUCT_BUNDLE_IDENTIFIER = test.LidarCapture;
				PRODUCT_NAME = "$(TARGET_NAME)";
				SWIFT_EMIT_LOC_STRINGS = YES;
				SWIFT_VERSION = 5.0;
				TARGETED_DEVICE_FAMILY = "1,2";
			};
			name = Release;
		};
/* End XCBuildConfiguration section */

/* Begin XCConfigurationList section */
		84268B022EACA945006EE07D /* Build configuration list for PBXProject "LidarCapture" */ = {
			isa = XCConfigurationList;
			buildConfigurations = (
				84268B132EACA948006EE07D /* Debug */,
				84268B142EACA948006EE07D /* Release */,
			);
			defaultConfigurationIsVisible = 0;
			defaultConfigurationName = Release;
		};
		84268B152EACA948006EE07D /* Build configuration list for PBXNativeTarget "LidarCapture" */ = {
			isa = XCConfigurationList;
			buildConfigurations = (
				84268B162EACA948006EE07D /* Debug */,
				84268B172EACA948006EE07D /* Release */,
			);
			defaultConfigurationIsVisible = 0;
			defaultConfigurationName = Release;
		};
/* End XCConfigurationList section */
	};
	rootObject = 84268AFF2EACA945006EE07D /* Project object */;
}
